// !$*UTF8*$!
{
	archiveVersion = 1;
	classes = {
	};
	objectVersion = 56;
	objects = {

/* Begin PBXBuildFile section */
		8452A4CF2B0AB1570092A618 /* NoteDownApp.swift in Sources */ = {isa = PBXBuildFile; fileRef = 8452A4CE2B0AB1570092A618 /* NoteDownApp.swift */; };
		8452A4D12B0AB1570092A618 /* ContentView.swift in Sources */ = {isa = PBXBuildFile; fileRef = 8452A4D02B0AB1570092A618 /* ContentView.swift */; };
		8452A4D32B0AB1580092A618 /* Assets.xcassets in Resources */ = {isa = PBXBuildFile; fileRef = 8452A4D22B0AB1580092A618 /* Assets.xcassets */; };
		8452A4D62B0AB1580092A618 /* Preview Assets.xcassets in Resources */ = {isa = PBXBuildFile; fileRef = 8452A4D52B0AB1580092A618 /* Preview Assets.xcassets */; };
		8452A4D82B0AB1580092A618 /* Persistence.swift in Sources */ = {isa = PBXBuildFile; fileRef = 8452A4D72B0AB1580092A618 /* Persistence.swift */; };
		8452A4DB2B0AB1580092A618 /* NoteDown.xcdatamodeld in Sources */ = {isa = PBXBuildFile; fileRef = 8452A4D92B0AB1580092A618 /* NoteDown.xcdatamodeld */; };
/* End PBXBuildFile section */

/* Begin PBXFileReference section */
		8452A4CB2B0AB1570092A618 /* NoteDown.app */ = {isa = PBXFileReference; explicitFileType = wrapper.application; includeInIndex = 0; path = NoteDown.app; sourceTree = BUILT_PRODUCTS_DIR; };
		8452A4CE2B0AB1570092A618 /* NoteDownApp.swift */ = {isa = PBXFileReference; lastKnownFileType = sourcecode.swift; path = NoteDownApp.swift; sourceTree = "<group>"; };
		8452A4D02B0AB1570092A618 /* ContentView.swift */ = {isa = PBXFileReference; lastKnownFileType = sourcecode.swift; path = ContentView.swift; sourceTree = "<group>"; };
		8452A4D22B0AB1580092A618 /* Assets.xcassets */ = {isa = PBXFileReference; lastKnownFileType = folder.assetcatalog; path = Assets.xcassets; sourceTree = "<group>"; };
		8452A4D52B0AB1580092A618 /* Preview Assets.xcassets */ = {isa = PBXFileReference; lastKnownFileType = folder.assetcatalog; path = "Preview Assets.xcassets"; sourceTree = "<group>"; };
		8452A4D72B0AB1580092A618 /* Persistence.swift */ = {isa = PBXFileReference; lastKnownFileType = sourcecode.swift; path = Persistence.swift; sourceTree = "<group>"; };
		8452A4DA2B0AB1580092A618 /* NoteDown.xcdatamodel */ = {isa = PBXFileReference; lastKnownFileType = wrapper.xcdatamodel; path = NoteDown.xcdatamodel; sourceTree = "<group>"; };
		8452A4DC2B0AB1580092A618 /* NoteDown.entitlements */ = {isa = PBXFileReference; lastKnownFileType = text.plist.entitlements; path = NoteDown.entitlements; sourceTree = "<group>"; };
/* End PBXFileReference section */

/* Begin PBXFrameworksBuildPhase section */
		8452A4C82B0AB1570092A618 /* Frameworks */ = {
			isa = PBXFrameworksBuildPhase;
			buildActionMask = 2147483647;
			files = (
			);
			runOnlyForDeploymentPostprocessing = 0;
		};
/* End PBXFrameworksBuildPhase section */

/* Begin PBXGroup section */
		8452A4C22B0AB1570092A618 = {
			isa = PBXGroup;
			children = (
				8452A4CD2B0AB1570092A618 /* NoteDown */,
				8452A4CC2B0AB1570092A618 /* Products */,
			);
			sourceTree = "<group>";
		};
		8452A4CC2B0AB1570092A618 /* Products */ = {
			isa = PBXGroup;
			children = (
				8452A4CB2B0AB1570092A618 /* NoteDown.app */,
			);
			name = Products;
			sourceTree = "<group>";
		};
		8452A4CD2B0AB1570092A618 /* NoteDown */ = {
			isa = PBXGroup;
			children = (
				8452A4CE2B0AB1570092A618 /* NoteDownApp.swift */,
				8452A4D02B0AB1570092A618 /* ContentView.swift */,
				8452A4D22B0AB1580092A618 /* Assets.xcassets */,
				8452A4D72B0AB1580092A618 /* Persistence.swift */,
				8452A4DC2B0AB1580092A618 /* NoteDown.entitlements */,
				8452A4D92B0AB1580092A618 /* NoteDown.xcdatamodeld */,
				8452A4D42B0AB1580092A618 /* Preview Content */,
			);
			path = NoteDown;
			sourceTree = "<group>";
		};
		8452A4D42B0AB1580092A618 /* Preview Content */ = {
			isa = PBXGroup;
			children = (
				8452A4D52B0AB1580092A618 /* Preview Assets.xcassets */,
			);
			path = "Preview Content";
			sourceTree = "<group>";
		};
/* End PBXGroup section */

/* Begin PBXNativeTarget section */
		8452A4CA2B0AB1570092A618 /* NoteDown */ = {
			isa = PBXNativeTarget;
			buildConfigurationList = 8452A4DF2B0AB1580092A618 /* Build configuration list for PBXNativeTarget "NoteDown" */;
			buildPhases = (
				8452A4C72B0AB1570092A618 /* Sources */,
				8452A4C82B0AB1570092A618 /* Frameworks */,
				8452A4C92B0AB1570092A618 /* Resources */,
			);
			buildRules = (
			);
			dependencies = (
			);
			name = NoteDown;
			productName = NoteDown;
			productReference = 8452A4CB2B0AB1570092A618 /* NoteDown.app */;
			productType = "com.apple.product-type.application";
		};
/* End PBXNativeTarget section */

/* Begin PBXProject section */
		8452A4C32B0AB1570092A618 /* Project object */ = {
			isa = PBXProject;
			attributes = {
				BuildIndependentTargetsInParallel = 1;
				LastSwiftUpdateCheck = 1500;
				LastUpgradeCheck = 1500;
				TargetAttributes = {
					8452A4CA2B0AB1570092A618 = {
						CreatedOnToolsVersion = 15.0.1;
					};
				};
			};
			buildConfigurationList = 8452A4C62B0AB1570092A618 /* Build configuration list for PBXProject "NoteDown" */;
			compatibilityVersion = "Xcode 14.0";
			developmentRegion = en;
			hasScannedForEncodings = 0;
			knownRegions = (
				en,
				Base,
			);
			mainGroup = 8452A4C22B0AB1570092A618;
			productRefGroup = 8452A4CC2B0AB1570092A618 /* Products */;
			projectDirPath = "";
			projectRoot = "";
			targets = (
				8452A4CA2B0AB1570092A618 /* NoteDown */,
			);
		};
/* End PBXProject section */

/* Begin PBXResourcesBuildPhase section */
		8452A4C92B0AB1570092A618 /* Resources */ = {
			isa = PBXResourcesBuildPhase;
			buildActionMask = 2147483647;
			files = (
				8452A4D62B0AB1580092A618 /* Preview Assets.xcassets in Resources */,
				8452A4D32B0AB1580092A618 /* Assets.xcassets in Resources */,
			);
			runOnlyForDeploymentPostprocessing = 0;
		};
/* End PBXResourcesBuildPhase section */

/* Begin PBXSourcesBuildPhase section */
		8452A4C72B0AB1570092A618 /* Sources */ = {
			isa = PBXSourcesBuildPhase;
			buildActionMask = 2147483647;
			files = (
				8452A4D82B0AB1580092A618 /* Persistence.swift in Sources */,
				8452A4D12B0AB1570092A618 /* ContentView.swift in Sources */,
				8452A4CF2B0AB1570092A618 /* NoteDownApp.swift in Sources */,
				8452A4DB2B0AB1580092A618 /* NoteDown.xcdatamodeld in Sources */,
			);
			runOnlyForDeploymentPostprocessing = 0;
		};
/* End PBXSourcesBuildPhase section */

/* Begin XCBuildConfiguration section */
		8452A4DD2B0AB1580092A618 /* Debug */ = {
			isa = XCBuildConfiguration;
			buildSettings = {
				ALWAYS_SEARCH_USER_PATHS = NO;
				ASSETCATALOG_COMPILER_GENERATE_SWIFT_ASSET_SYMBOL_EXTENSIONS = YES;
				CLANG_ANALYZER_NONNULL = YES;
				CLANG_ANALYZER_NUMBER_OBJECT_CONVERSION = YES_AGGRESSIVE;
				CLANG_CXX_LANGUAGE_STANDARD = "gnu++20";
				CLANG_ENABLE_MODULES = YES;
				CLANG_ENABLE_OBJC_ARC = YES;
				CLANG_ENABLE_OBJC_WEAK = YES;
				CLANG_WARN_BLOCK_CAPTURE_AUTORELEASING = YES;
				CLANG_WARN_BOOL_CONVERSION = YES;
				CLANG_WARN_COMMA = YES;
				CLANG_WARN_CONSTANT_CONVERSION = YES;
				CLANG_WARN_DEPRECATED_OBJC_IMPLEMENTATIONS = YES;
				CLANG_WARN_DIRECT_OBJC_ISA_USAGE = YES_ERROR;
				CLANG_WARN_DOCUMENTATION_COMMENTS = YES;
				CLANG_WARN_EMPTY_BODY = YES;
				CLANG_WARN_ENUM_CONVERSION = YES;
				CLANG_WARN_INFINITE_RECURSION = YES;
				CLANG_WARN_INT_CONVERSION = YES;
				CLANG_WARN_NON_LITERAL_NULL_CONVERSION = YES;
				CLANG_WARN_OBJC_IMPLICIT_RETAIN_SELF = YES;
				CLANG_WARN_OBJC_LITERAL_CONVERSION = YES;
				CLANG_WARN_OBJC_ROOT_CLASS = YES_ERROR;
				CLANG_WARN_QUOTED_INCLUDE_IN_FRAMEWORK_HEADER = YES;
				CLANG_WARN_RANGE_LOOP_ANALYSIS = YES;
				CLANG_WARN_STRICT_PROTOTYPES = YES;
				CLANG_WARN_SUSPICIOUS_MOVE = YES;
				CLANG_WARN_UNGUARDED_AVAILABILITY = YES_AGGRESSIVE;
				CLANG_WARN_UNREACHABLE_CODE = YES;
				CLANG_WARN__DUPLICATE_METHOD_MATCH = YES;
				COPY_PHASE_STRIP = NO;
				DEBUG_INFORMATION_FORMAT = dwarf;
				ENABLE_STRICT_OBJC_MSGSEND = YES;
				ENABLE_TESTABILITY = YES;
				ENABLE_USER_SCRIPT_SANDBOXING = YES;
				GCC_C_LANGUAGE_STANDARD = gnu17;
				GCC_DYNAMIC_NO_PIC = NO;
				GCC_NO_COMMON_BLOCKS = YES;
				GCC_OPTIMIZATION_LEVEL = 0;
				GCC_PREPROCESSOR_DEFINITIONS = (
					"DEBUG=1",
					"$(inherited)",
				);
				GCC_WARN_64_TO_32_BIT_CONVERSION = YES;
				GCC_WARN_ABOUT_RETURN_TYPE = YES_ERROR;
				GCC_WARN_UNDECLARED_SELECTOR = YES;
				GCC_WARN_UNINITIALIZED_AUTOS = YES_AGGRESSIVE;
				GCC_WARN_UNUSED_FUNCTION = YES;
				GCC_WARN_UNUSED_VARIABLE = YES;
				LOCALIZATION_PREFERS_STRING_CATALOGS = YES;
				MACOSX_DEPLOYMENT_TARGET = 14.0;
				MTL_ENABLE_DEBUG_INFO = INCLUDE_SOURCE;
				MTL_FAST_MATH = YES;
				ONLY_ACTIVE_ARCH = YES;
				SDKROOT = macosx;
				SWIFT_ACTIVE_COMPILATION_CONDITIONS = "DEBUG $(inherited)";
				SWIFT_OPTIMIZATION_LEVEL = "-Onone";
			};
			name = Debug;
		};
		8452A4DE2B0AB1580092A618 /* Release */ = {
			isa = XCBuildConfiguration;
			buildSettings = {
				ALWAYS_SEARCH_USER_PATHS = NO;
				ASSETCATALOG_COMPILER_GENERATE_SWIFT_ASSET_SYMBOL_EXTENSIONS = YES;
				CLANG_ANALYZER_NONNULL = YES;
				CLANG_ANALYZER_NUMBER_OBJECT_CONVERSION = YES_AGGRESSIVE;
				CLANG_CXX_LANGUAGE_STANDARD = "gnu++20";
				CLANG_ENABLE_MODULES = YES;
				CLANG_ENABLE_OBJC_ARC = YES;
				CLANG_ENABLE_OBJC_WEAK = YES;
				CLANG_WARN_BLOCK_CAPTURE_AUTORELEASING = YES;
				CLANG_WARN_BOOL_CONVERSION = YES;
				CLANG_WARN_COMMA = YES;
				CLANG_WARN_CONSTANT_CONVERSION = YES;
				CLANG_WARN_DEPRECATED_OBJC_IMPLEMENTATIONS = YES;
				CLANG_WARN_DIRECT_OBJC_ISA_USAGE = YES_ERROR;
				CLANG_WARN_DOCUMENTATION_COMMENTS = YES;
				CLANG_WARN_EMPTY_BODY = YES;
				CLANG_WARN_ENUM_CONVERSION = YES;
				CLANG_WARN_INFINITE_RECURSION = YES;
				CLANG_WARN_INT_CONVERSION = YES;
				CLANG_WARN_NON_LITERAL_NULL_CONVERSION = YES;
				CLANG_WARN_OBJC_IMPLICIT_RETAIN_SELF = YES;
				CLANG_WARN_OBJC_LITERAL_CONVERSION = YES;
				CLANG_WARN_OBJC_ROOT_CLASS = YES_ERROR;
				CLANG_WARN_QUOTED_INCLUDE_IN_FRAMEWORK_HEADER = YES;
				CLANG_WARN_RANGE_LOOP_ANALYSIS = YES;
				CLANG_WARN_STRICT_PROTOTYPES = YES;
				CLANG_WARN_SUSPICIOUS_MOVE = YES;
				CLANG_WARN_UNGUARDED_AVAILABILITY = YES_AGGRESSIVE;
				CLANG_WARN_UNREACHABLE_CODE = YES;
				CLANG_WARN__DUPLICATE_METHOD_MATCH = YES;
				COPY_PHASE_STRIP = NO;
				DEBUG_INFORMATION_FORMAT = "dwarf-with-dsym";
				ENABLE_NS_ASSERTIONS = NO;
				ENABLE_STRICT_OBJC_MSGSEND = YES;
				ENABLE_USER_SCRIPT_SANDBOXING = YES;
				GCC_C_LANGUAGE_STANDARD = gnu17;
				GCC_NO_COMMON_BLOCKS = YES;
				GCC_WARN_64_TO_32_BIT_CONVERSION = YES;
				GCC_WARN_ABOUT_RETURN_TYPE = YES_ERROR;
				GCC_WARN_UNDECLARED_SELECTOR = YES;
				GCC_WARN_UNINITIALIZED_AUTOS = YES_AGGRESSIVE;
				GCC_WARN_UNUSED_FUNCTION = YES;
				GCC_WARN_UNUSED_VARIABLE = YES;
				LOCALIZATION_PREFERS_STRING_CATALOGS = YES;
				MACOSX_DEPLOYMENT_TARGET = 14.0;
				MTL_ENABLE_DEBUG_INFO = NO;
				MTL_FAST_MATH = YES;
				SDKROOT = macosx;
				SWIFT_COMPILATION_MODE = wholemodule;
			};
			name = Release;
		};
		8452A4E02B0AB1580092A618 /* Debug */ = {
			isa = XCBuildConfiguration;
			buildSettings = {
				ASSETCATALOG_COMPILER_APPICON_NAME = AppIcon;
				ASSETCATALOG_COMPILER_GLOBAL_ACCENT_COLOR_NAME = AccentColor;
				CODE_SIGN_ENTITLEMENTS = NoteDown/NoteDown.entitlements;
				CODE_SIGN_STYLE = Automatic;
				COMBINE_HIDPI_IMAGES = YES;
				CURRENT_PROJECT_VERSION = 1;
				DEVELOPMENT_ASSET_PATHS = "\"NoteDown/Preview Content\"";
				DEVELOPMENT_TEAM = TJ3G7RY668;
				ENABLE_HARDENED_RUNTIME = YES;
				ENABLE_PREVIEWS = YES;
				GENERATE_INFOPLIST_FILE = YES;
				INFOPLIST_KEY_NSHumanReadableCopyright = "";
				LD_RUNPATH_SEARCH_PATHS = (
					"$(inherited)",
					"@executable_path/../Frameworks",
				);
				MARKETING_VERSION = 1.0;
				PRODUCT_BUNDLE_IDENTIFIER = sta.NoteDown;
				PRODUCT_NAME = "$(TARGET_NAME)";
				SWIFT_EMIT_LOC_STRINGS = YES;
				SWIFT_VERSION = 5.0;
			};
			name = Debug;
		};
		8452A4E12B0AB1580092A618 /* Release */ = {
			isa = XCBuildConfiguration;
			buildSettings = {
				ASSETCATALOG_COMPILER_APPICON_NAME = AppIcon;
				ASSETCATALOG_COMPILER_GLOBAL_ACCENT_COLOR_NAME = AccentColor;
				CODE_SIGN_ENTITLEMENTS = NoteDown/NoteDown.entitlements;
				CODE_SIGN_STYLE = Automatic;
				COMBINE_HIDPI_IMAGES = YES;
				CURRENT_PROJECT_VERSION = 1;
				DEVELOPMENT_ASSET_PATHS = "\"NoteDown/Preview Content\"";
				DEVELOPMENT_TEAM = TJ3G7RY668;
				ENABLE_HARDENED_RUNTIME = YES;
				ENABLE_PREVIEWS = YES;
				GENERATE_INFOPLIST_FILE = YES;
				INFOPLIST_KEY_NSHumanReadableCopyright = "";
				LD_RUNPATH_SEARCH_PATHS = (
					"$(inherited)",
					"@executable_path/../Frameworks",
				);
				MARKETING_VERSION = 1.0;
				PRODUCT_BUNDLE_IDENTIFIER = sta.NoteDown;
				PRODUCT_NAME = "$(TARGET_NAME)";
				SWIFT_EMIT_LOC_STRINGS = YES;
				SWIFT_VERSION = 5.0;
			};
			name = Release;
		};
/* End XCBuildConfiguration section */

/* Begin XCConfigurationList section */
		8452A4C62B0AB1570092A618 /* Build configuration list for PBXProject "NoteDown" */ = {
			isa = XCConfigurationList;
			buildConfigurations = (
				8452A4DD2B0AB1580092A618 /* Debug */,
				8452A4DE2B0AB1580092A618 /* Release */,
			);
			defaultConfigurationIsVisible = 0;
			defaultConfigurationName = Release;
		};
		8452A4DF2B0AB1580092A618 /* Build configuration list for PBXNativeTarget "NoteDown" */ = {
			isa = XCConfigurationList;
			buildConfigurations = (
				8452A4E02B0AB1580092A618 /* Debug */,
				8452A4E12B0AB1580092A618 /* Release */,
			);
			defaultConfigurationIsVisible = 0;
			defaultConfigurationName = Release;
		};
/* End XCConfigurationList section */

/* Begin XCVersionGroup section */
		8452A4D92B0AB1580092A618 /* NoteDown.xcdatamodeld */ = {
			isa = XCVersionGroup;
			children = (
				8452A4DA2B0AB1580092A618 /* NoteDown.xcdatamodel */,
			);
			currentVersion = 8452A4DA2B0AB1580092A618 /* NoteDown.xcdatamodel */;
			path = NoteDown.xcdatamodeld;
			sourceTree = "<group>";
			versionGroupType = wrapper.xcdatamodel;
		};
/* End XCVersionGroup section */
	};
	rootObject = 8452A4C32B0AB1570092A618 /* Project object */;
}
